github.com/BurntSushi/toml v0.3.1 h1:WXkYYl6Yr3qBf1K79EBnL4mak0OimBfB0XUf9Vl28OQ=
github.com/BurntSushi/toml v0.3.1/go.mod h1:xHWCNGjB5oqiDr8zfno3MHue2Ht5sIBksp03qcyfWMU=
github.com/Smartling/api-sdk-go v0.0.0-20200428111932-35139033a212 h1:3WSu2eGmRWBWQ3z3WT8AUl8Cy5KXidG07d9VimYJoj4=
github.com/Smartling/api-sdk-go v0.0.0-20200428111932-35139033a212/go.mod h1:HxAayxrUfrxNBc2rOVyA0S0SP7j0IxPeuuZo2s8Lr5w=
github.com/davecgh/go-spew v1.1.0 h1:ZDRjVQ15GmhC3fiQ8ni8+OwkZQO4DARzQgrnXU1Liz8=
github.com/davecgh/go-spew v1.1.0/go.mod h1:J7Y8YcW2NihsgmVo/mv3lAwl/skON4iLHjSsI+c5H38=
github.com/docopt/docopt-go v0.0.0-20180111231733-ee0de3bc6815 h1:bWDMxwH3px2JBh6AyO7hdCn/PkvCZXii8TGj7sbtEbQ=
github.com/docopt/docopt-go v0.0.0-20180111231733-ee0de3bc6815/go.mod h1:WwZ+bS3ebgob9U8Nd0kOddGdZWjyMGR8Wziv+TBNwSE=
github.com/go-yaml/yaml v2.1.0+incompatible h1:RYi2hDdss1u4YE7GwixGzWwVo47T8UQwnTLB6vQiq+o=
github.com/go-yaml/yaml v2.1.0+incompatible/go.mod h1:w2MrLa16VYP0jy6N7M5kHaCkaLENm+P+Tv+MfurjSw0=
github.com/gobwas/glob v0.2.3 h1:A4xDbljILXROh+kObIiy5kIaPYD8e96x1tgBhUI5J+Y=
github.com/gobwas/glob v0.2.3/go.mod h1:d3Ez4x06l9bZtSvzIay5+Yzi0fmZzPgnTbPcKjJAkT8=
github.com/iancoleman/strcase v0.0.0-20191112232945-16388991a334 h1:VHgatEHNcBFEB7inlalqfNqw65aNkM1lGX2yt3NmbS8=
github.com/iancoleman/strcase v0.0.0-20191112232945-16388991a334/go.mod h1:SK73tn/9oHe+/Y0h39VT4UCxmurVJkR5NA7kMEAOgSE=
github.com/imdario/mergo v0.3.11 h1:3tnifQM4i+fbajXKBHXWEH+KvNHqojZ778UH75j3bGA=
github.com/imdario/mergo v0.3.11/go.mod h1:jmQim1M+e3UYxmgPu/WyfjB3N3VflVyUjjjwH0dnCYA=
github.com/kovetskiy/ko v0.0.0-20200620085804-ec6b220882b0 h1:GeX0zpuenyu5RO61c4f9aXpXFppotvuTCSL5foXkvhQ=
github.com/kovetskiy/ko v0.0.0-20200620085804-ec6b220882b0/go.mod h1:lmBGWZ2ox1+6CxH2+1hpVsLukvQe/7G8VZJJe+0DlpA=
github.com/kovetskiy/lorg v0.0.0-20200107130803-9a7136a95634 h1:szpgh20EtHoQhJ38jrp7S2nlrhf56GSwa4de0hMfc2U=
github.com/kovetskiy/lorg v0.0.0-20200107130803-9a7136a95634/go.mod h1:B8HeKAukXULNzWWsW5k/SQyDkiQZPn7lTBJDB46MZ9I=
github.com/kovetskiy/toml v0.2.0 h1:tMsPGWE3ejTjXop10/17b/tDtbwQJZdBfc0e+l3WndA=
github.com/kovetskiy/toml v0.2.0/go.mod h1:+nh++V8wCesSlfPA3DSXGO1hiAHDVHDqem4ixTsWuRY=
github.com/pmezard/go-difflib v1.0.0 h1:4DBwDE0NGyQoBHbLQYPwSUPoCMWR5BEzIk/f1lZbAQM=
github.com/pmezard/go-difflib v1.0.0/go.mod h1:iKH77koFhYxTK1pcRnkKkqfTogsbg7gZNVY4sRDYZ/4=
github.com/reconquest/hierr-go v0.0.0-20170824213838-7d09c0176fd2 h1:v3ctQXyIHprCI7s42LGmMYbulnnpjeD4zcvq78D1ung=
github.com/reconquest/hierr-go v0.0.0-20170824213838-7d09c0176fd2/go.mod h1:dF8sYs86hXr+kKjDVvxDZYMUsTm5yr0PFQqLer/xsrk=
github.com/reconquest/karma-go v0.0.0-20200326104714-79480464fdb5 h1:zDWjDur+l8W6pKksuc1VdKcdYrfHrTO9jRN131XoG1g=
github.com/reconquest/karma-go v0.0.0-20200326104714-79480464fdb5/go.mod h1:oTXKs9J7KQ1gCpnvSwCbH9vlvELZFfUSbEbrr2ABeo0=
github.com/stretchr/objx v0.1.0 h1:4G4v2dO3VZwixGIRoQ5Lfboy6nUhCyYzaqnIAPPhYs4=
github.com/stretchr/objx v0.1.0/go.mod h1:HFkY916IF+rwdDfMAkV7OtwuqBVzrE8GR6GFx+wExME=
github.com/stretchr/testify v1.6.1 h1:hDPOHmpOpP40lSULcqw7IrRb/u7w6RpDC9399XyoNd0=
github.com/stretchr/testify v1.6.1/go.mod h1:6Fq8oRcR53rry900zMqJjRRixrwX3KX962/h/Wwjteg=
github.com/tcnksm/go-input v0.0.0-20180404061846-548a7d7a8ee8 h1:RB0v+/pc8oMzPsN97aZYEwNuJ6ouRJ2uhjxemJ9zvrY=
github.com/tcnksm/go-input v0.0.0-20180404061846-548a7d7a8ee8/go.mod h1:IlWNj9v/13q7xFbaK4mbyzMNwrZLaWSHx/aibKIZuIg=
github.com/zazab/zhash v0.0.0-20170403032415-ad45b89afe7a h1:8gf6DUwu6F8Fh3rN8Ei9TM66KkWrNC04FP3HlcbxPuQ=
github.com/zazab/zhash v0.0.0-20170403032415-ad45b89afe7a/go.mod h1:P+yVThXQrjx7yGmgsdI4WQ/XDDmcyBMZzK1b39TXteA=
golang.org/x/crypto v0.0.0-20190308221718-c2843e01d9a2/go.mod h1:djNgcEr1/C05ACkg1iLfiJU5Ep61QUkGW8qpdssI0+w=
golang.org/x/crypto v0.0.0-20200820211705-5c72a883971a h1:vclmkQCjlDX5OydZ9wv8rBCcS0QyQY66Mpf/7BZbInM=
golang.org/x/crypto v0.0.0-20200820211705-5c72a883971a/go.mod h1:LzIPMQfyMNhhGPhUkYOs5KpL4U8rLKemX1yGLhDgUto=
golang.org/x/net v0.0.0-20190404232315-eb5bcb51f2a3/go.mod h1:t9HGtf8HONx5eT2rtn7q6eTqICYqUVnKs3thJo3Qplg=
golang.org/x/sys v0.0.0-20190215142949-d0b11bdaac8a/go.mod h1:STP8DvDyc/dI5b8T5hshtkjS+E42TnysNCUPdjciGhY=
golang.org/x/sys v0.0.0-20190412213103-97732733099d h1:+R4KGOnez64A81RvjARKc4UT5/tI9ujCIVX+P5KiHuI=
golang.org/x/sys v0.0.0-20190412213103-97732733099d/go.mod h1:h1NjWce9XRLGQEsW7wpKNCjG9DtNlClVuFLEZdDNbEs=
golang.org/x/text v0.3.0/go.mod h1:NqM8EUOU14njkJ3fqMW+pc6Ldnwhi/IjpwHt7yyuwOQ=
gopkg.in/check.v1 v0.0.0-20161208181325-20d25e280405 h1:yhCVgyC4o1eVCa2tZl7eS0r+SDo693bJlVdllGtEeKM=
gopkg.in/check.v1 v0.0.0-20161208181325-20d25e280405/go.mod h1:Co6ibVJAznAaIkqp8huTwlJQCZ016jof/cbN4VW5Yz0=
gopkg.in/yaml.v2 v2.3.0 h1:clyUAQHOM3G0M3f5vQj7LuJrETvjVot3Z5el9nffUtU=
gopkg.in/yaml.v2 v2.3.0/go.mod h1:hI93XBmqTisBFMUTm0b8Fm+jr3Dg1NNxqwp+5A1VGuI=
gopkg.in/yaml.v3 v3.0.0-20200313102051-9f266ea9e77c h1:dUUwHk2QECo/6vqA44rthZ8ie2QXMNeKRTHCNY2nXvo=
gopkg.in/yaml.v3 v3.0.0-20200313102051-9f266ea9e77c/go.mod h1:K4uyk7z7BCEPqu6E+C64Yfv1cQ7kz7rIZviUmN+EgEM=
